// !$*UTF8*$!
{
	archiveVersion = 1;
	classes = {
	};
	objectVersion = 46;
	objects = {

/* Begin PBXBuildFile section */
		FBDFB5C915F959EB00D157E3 /* Foundation.framework in Frameworks */ = {isa = PBXBuildFile; fileRef = FBDFB5C815F959EB00D157E3 /* Foundation.framework */; };
		FBDFB5CC15F959EB00D157E3 /* main.m in Sources */ = {isa = PBXBuildFile; fileRef = FBDFB5CB15F959EB00D157E3 /* main.m */; };
		FBDFB5D015F959EB00D157E3 /* Archcopy.1 in CopyFiles */ = {isa = PBXBuildFile; fileRef = FBDFB5CF15F959EB00D157E3 /* Archcopy.1 */; };
/* End PBXBuildFile section */

/* Begin PBXCopyFilesBuildPhase section */
		FBDFB5C215F959EB00D157E3 /* CopyFiles */ = {
			isa = PBXCopyFilesBuildPhase;
			buildActionMask = 2147483647;
			dstPath = /usr/share/man/man1/;
			dstSubfolderSpec = 0;
			files = (
				FBDFB5D015F959EB00D157E3 /* Archcopy.1 in CopyFiles */,
			);
			runOnlyForDeploymentPostprocessing = 1;
		};
/* End PBXCopyFilesBuildPhase section */

/* Begin PBXFileReference section */
		FBDFB5C415F959EB00D157E3 /* Archcopy */ = {isa = PBXFileReference; explicitFileType = "compiled.mach-o.executable"; includeInIndex = 0; path = Archcopy; sourceTree = BUILT_PRODUCTS_DIR; };
		FBDFB5C815F959EB00D157E3 /* Foundation.framework */ = {isa = PBXFileReference; lastKnownFileType = wrapper.framework; name = Foundation.framework; path = System/Library/Frameworks/Foundation.framework; sourceTree = SDKROOT; };
		FBDFB5CB15F959EB00D157E3 /* main.m */ = {isa = PBXFileReference; lastKnownFileType = sourcecode.c.objc; path = main.m; sourceTree = "<group>"; };
		FBDFB5CE15F959EB00D157E3 /* Archcopy-Prefix.pch */ = {isa = PBXFileReference; lastKnownFileType = sourcecode.c.h; path = "Archcopy-Prefix.pch"; sourceTree = "<group>"; };
		FBDFB5CF15F959EB00D157E3 /* Archcopy.1 */ = {isa = PBXFileReference; lastKnownFileType = text.man; path = Archcopy.1; sourceTree = "<group>"; };
/* End PBXFileReference section */

/* Begin PBXFrameworksBuildPhase section */
		FBDFB5C115F959EB00D157E3 /* Frameworks */ = {
			isa = PBXFrameworksBuildPhase;
			buildActionMask = 2147483647;
			files = (
				FBDFB5C915F959EB00D157E3 /* Foundation.framework in Frameworks */,
			);
			runOnlyForDeploymentPostprocessing = 0;
		};
/* End PBXFrameworksBuildPhase section */

/* Begin PBXGroup section */
		FBDFB5B915F959EA00D157E3 = {
			isa = PBXGroup;
			children = (
				FBDFB5CA15F959EB00D157E3 /* Archcopy */,
				FBDFB5C715F959EB00D157E3 /* Frameworks */,
				FBDFB5C515F959EB00D157E3 /* Products */,
			);
			sourceTree = "<group>";
		};
		FBDFB5C515F959EB00D157E3 /* Products */ = {
			isa = PBXGroup;
			children = (
				FBDFB5C415F959EB00D157E3 /* Archcopy */,
			);
			name = Products;
			sourceTree = "<group>";
		};
		FBDFB5C715F959EB00D157E3 /* Frameworks */ = {
			isa = PBXGroup;
			children = (
				FBDFB5C815F959EB00D157E3 /* Foundation.framework */,
			);
			name = Frameworks;
			sourceTree = "<group>";
		};
		FBDFB5CA15F959EB00D157E3 /* Archcopy */ = {
			isa = PBXGroup;
			children = (
				FBDFB5CB15F959EB00D157E3 /* main.m */,
				FBDFB5CF15F959EB00D157E3 /* Archcopy.1 */,
				FBDFB5CD15F959EB00D157E3 /* Supporting Files */,
			);
			path = Archcopy;
			sourceTree = "<group>";
		};
		FBDFB5CD15F959EB00D157E3 /* Supporting Files */ = {
			isa = PBXGroup;
			children = (
				FBDFB5CE15F959EB00D157E3 /* Archcopy-Prefix.pch */,
			);
			name = "Supporting Files";
			sourceTree = "<group>";
		};
/* End PBXGroup section */

/* Begin PBXNativeTarget section */
		FBDFB5C315F959EB00D157E3 /* Archcopy */ = {
			isa = PBXNativeTarget;
			buildConfigurationList = FBDFB5D315F959EB00D157E3 /* Build configuration list for PBXNativeTarget "Archcopy" */;
			buildPhases = (
				FBDFB5C015F959EB00D157E3 /* Sources */,
				FBDFB5C115F959EB00D157E3 /* Frameworks */,
				FBDFB5C215F959EB00D157E3 /* CopyFiles */,
			);
			buildRules = (
			);
			dependencies = (
			);
			name = Archcopy;
			productName = Archcopy;
			productReference = FBDFB5C415F959EB00D157E3 /* Archcopy */;
			productType = "com.apple.product-type.tool";
		};
/* End PBXNativeTarget section */

/* Begin PBXProject section */
		FBDFB5BB15F959EB00D157E3 /* Project object */ = {
			isa = PBXProject;
			attributes = {
				LastUpgradeCheck = 0440;
				ORGANIZATIONNAME = "Gong heng";
			};
			buildConfigurationList = FBDFB5BE15F959EB00D157E3 /* Build configuration list for PBXProject "Archcopy" */;
			compatibilityVersion = "Xcode 3.2";
			developmentRegion = English;
			hasScannedForEncodings = 0;
			knownRegions = (
				en,
			);
			mainGroup = FBDFB5B915F959EA00D157E3;
			productRefGroup = FBDFB5C515F959EB00D157E3 /* Products */;
			projectDirPath = "";
			projectRoot = "";
			targets = (
				FBDFB5C315F959EB00D157E3 /* Archcopy */,
			);
		};
/* End PBXProject section */

/* Begin PBXSourcesBuildPhase section */
		FBDFB5C015F959EB00D157E3 /* Sources */ = {
			isa = PBXSourcesBuildPhase;
			buildActionMask = 2147483647;
			files = (
				FBDFB5CC15F959EB00D157E3 /* main.m in Sources */,
			);
			runOnlyForDeploymentPostprocessing = 0;
		};
/* End PBXSourcesBuildPhase section */

/* Begin XCBuildConfiguration section */
		FBDFB5D115F959EB00D157E3 /* Debug */ = {
			isa = XCBuildConfiguration;
			buildSettings = {
				ALWAYS_SEARCH_USER_PATHS = NO;
				ARCHS = "$(ARCHS_STANDARD_64_BIT)";
				CLANG_CXX_LANGUAGE_STANDARD = "gnu++0x";
				CLANG_ENABLE_OBJC_ARC = YES;
				CLANG_WARN__DUPLICATE_METHOD_MATCH = YES;
				COPY_PHASE_STRIP = NO;
				GCC_C_LANGUAGE_STANDARD = gnu99;
				GCC_DYNAMIC_NO_PIC = NO;
				GCC_ENABLE_OBJC_EXCEPTIONS = YES;
				GCC_OPTIMIZATION_LEVEL = 0;
				GCC_PREPROCESSOR_DEFINITIONS = (
					"DEBUG=1",
					"$(inherited)",
				);
				GCC_SYMBOLS_PRIVATE_EXTERN = NO;
				GCC_WARN_64_TO_32_BIT_CONVERSION = YES;
				GCC_WARN_ABOUT_RETURN_TYPE = YES;
				GCC_WARN_UNINITIALIZED_AUTOS = YES;
				GCC_WARN_UNUSED_VARIABLE = YES;
				MACOSX_DEPLOYMENT_TARGET = 10.7;
				ONLY_ACTIVE_ARCH = YES;
				SDKROOT = macosx;
			};
			name = Debug;
		};
		FBDFB5D215F959EB00D157E3 /* Release */ = {
			isa = XCBuildConfiguration;
			buildSettings = {
				ALWAYS_SEARCH_USER_PATHS = NO;
				ARCHS = "$(ARCHS_STANDARD_64_BIT)";
				CLANG_CXX_LANGUAGE_STANDARD = "gnu++0x";
				CLANG_ENABLE_OBJC_ARC = YES;
				CLANG_WARN__DUPLICATE_METHOD_MATCH = YES;
				COPY_PHASE_STRIP = YES;
				DEBUG_INFORMATION_FORMAT = "dwarf-with-dsym";
				GCC_C_LANGUAGE_STANDARD = gnu99;
				GCC_ENABLE_OBJC_EXCEPTIONS = YES;
				GCC_WARN_64_TO_32_BIT_CONVERSION = YES;
				GCC_WARN_ABOUT_RETURN_TYPE = YES;
				GCC_WARN_UNINITIALIZED_AUTOS = YES;
				GCC_WARN_UNUSED_VARIABLE = YES;
				MACOSX_DEPLOYMENT_TARGET = 10.7;
				SDKROOT = macosx;
			};
			name = Release;
		};
		FBDFB5D415F959EB00D157E3 /* Debug */ = {
			isa = XCBuildConfiguration;
			buildSettings = {
				GCC_PRECOMPILE_PREFIX_HEADER = YES;
				GCC_PREFIX_HEADER = "Archcopy/Archcopy-Prefix.pch";
				PRODUCT_NAME = "$(TARGET_NAME)";
			};
			name = Debug;
		};
		FBDFB5D515F959EB00D157E3 /* Release */ = {
			isa = XCBuildConfiguration;
			buildSettings = {
				GCC_PRECOMPILE_PREFIX_HEADER = YES;
				GCC_PREFIX_HEADER = "Archcopy/Archcopy-Prefix.pch";
				PRODUCT_NAME = "$(TARGET_NAME)";
			};
			name = Release;
		};
/* End XCBuildConfiguration section */

/* Begin XCConfigurationList section */
		FBDFB5BE15F959EB00D157E3 /* Build configuration list for PBXProject "Archcopy" */ = {
			isa = XCConfigurationList;
			buildConfigurations = (
				FBDFB5D115F959EB00D157E3 /* Debug */,
				FBDFB5D215F959EB00D157E3 /* Release */,
			);
			defaultConfigurationIsVisible = 0;
			defaultConfigurationName = Release;
		};
		FBDFB5D315F959EB00D157E3 /* Build configuration list for PBXNativeTarget "Archcopy" */ = {
			isa = XCConfigurationList;
			buildConfigurations = (
				FBDFB5D415F959EB00D157E3 /* Debug */,
				FBDFB5D515F959EB00D157E3 /* Release */,
			);
			defaultConfigurationIsVisible = 0;
		};
/* End XCConfigurationList section */
	};
	rootObject = FBDFB5BB15F959EB00D157E3 /* Project object */;
}
