// !$*UTF8*$!
{
	archiveVersion = 1;
	classes = {
	};
	objectVersion = 46;
	objects = {

/* Begin PBXBuildFile section */
		FBB0B95315ED9C930050EBB4 /* Foundation.framework in Frameworks */ = {isa = PBXBuildFile; fileRef = FBB0B95215ED9C930050EBB4 /* Foundation.framework */; };
		FBB0B95615ED9C930050EBB4 /* main.m in Sources */ = {isa = PBXBuildFile; fileRef = FBB0B95515ED9C930050EBB4 /* main.m */; };
		FBB0B95A15ED9C930050EBB4 /* NSDataOpt.1 in CopyFiles */ = {isa = PBXBuildFile; fileRef = FBB0B95915ED9C930050EBB4 /* NSDataOpt.1 */; };
/* End PBXBuildFile section */

/* Begin PBXCopyFilesBuildPhase section */
		FBB0B94C15ED9C930050EBB4 /* CopyFiles */ = {
			isa = PBXCopyFilesBuildPhase;
			buildActionMask = 2147483647;
			dstPath = /usr/share/man/man1/;
			dstSubfolderSpec = 0;
			files = (
				FBB0B95A15ED9C930050EBB4 /* NSDataOpt.1 in CopyFiles */,
			);
			runOnlyForDeploymentPostprocessing = 1;
		};
/* End PBXCopyFilesBuildPhase section */

/* Begin PBXFileReference section */
		FBB0B94E15ED9C930050EBB4 /* NSDataOpt */ = {isa = PBXFileReference; explicitFileType = "compiled.mach-o.executable"; includeInIndex = 0; path = NSDataOpt; sourceTree = BUILT_PRODUCTS_DIR; };
		FBB0B95215ED9C930050EBB4 /* Foundation.framework */ = {isa = PBXFileReference; lastKnownFileType = wrapper.framework; name = Foundation.framework; path = System/Library/Frameworks/Foundation.framework; sourceTree = SDKROOT; };
		FBB0B95515ED9C930050EBB4 /* main.m */ = {isa = PBXFileReference; lastKnownFileType = sourcecode.c.objc; path = main.m; sourceTree = "<group>"; };
		FBB0B95815ED9C930050EBB4 /* NSDataOpt-Prefix.pch */ = {isa = PBXFileReference; lastKnownFileType = sourcecode.c.h; path = "NSDataOpt-Prefix.pch"; sourceTree = "<group>"; };
		FBB0B95915ED9C930050EBB4 /* NSDataOpt.1 */ = {isa = PBXFileReference; lastKnownFileType = text.man; path = NSDataOpt.1; sourceTree = "<group>"; };
/* End PBXFileReference section */

/* Begin PBXFrameworksBuildPhase section */
		FBB0B94B15ED9C930050EBB4 /* Frameworks */ = {
			isa = PBXFrameworksBuildPhase;
			buildActionMask = 2147483647;
			files = (
				FBB0B95315ED9C930050EBB4 /* Foundation.framework in Frameworks */,
			);
			runOnlyForDeploymentPostprocessing = 0;
		};
/* End PBXFrameworksBuildPhase section */

/* Begin PBXGroup section */
		FBB0B94315ED9C930050EBB4 = {
			isa = PBXGroup;
			children = (
				FBB0B95415ED9C930050EBB4 /* NSDataOpt */,
				FBB0B95115ED9C930050EBB4 /* Frameworks */,
				FBB0B94F15ED9C930050EBB4 /* Products */,
			);
			sourceTree = "<group>";
		};
		FBB0B94F15ED9C930050EBB4 /* Products */ = {
			isa = PBXGroup;
			children = (
				FBB0B94E15ED9C930050EBB4 /* NSDataOpt */,
			);
			name = Products;
			sourceTree = "<group>";
		};
		FBB0B95115ED9C930050EBB4 /* Frameworks */ = {
			isa = PBXGroup;
			children = (
				FBB0B95215ED9C930050EBB4 /* Foundation.framework */,
			);
			name = Frameworks;
			sourceTree = "<group>";
		};
		FBB0B95415ED9C930050EBB4 /* NSDataOpt */ = {
			isa = PBXGroup;
			children = (
				FBB0B95515ED9C930050EBB4 /* main.m */,
				FBB0B95915ED9C930050EBB4 /* NSDataOpt.1 */,
				FBB0B95715ED9C930050EBB4 /* Supporting Files */,
			);
			path = NSDataOpt;
			sourceTree = "<group>";
		};
		FBB0B95715ED9C930050EBB4 /* Supporting Files */ = {
			isa = PBXGroup;
			children = (
				FBB0B95815ED9C930050EBB4 /* NSDataOpt-Prefix.pch */,
			);
			name = "Supporting Files";
			sourceTree = "<group>";
		};
/* End PBXGroup section */

/* Begin PBXNativeTarget section */
		FBB0B94D15ED9C930050EBB4 /* NSDataOpt */ = {
			isa = PBXNativeTarget;
			buildConfigurationList = FBB0B95D15ED9C930050EBB4 /* Build configuration list for PBXNativeTarget "NSDataOpt" */;
			buildPhases = (
				FBB0B94A15ED9C930050EBB4 /* Sources */,
				FBB0B94B15ED9C930050EBB4 /* Frameworks */,
				FBB0B94C15ED9C930050EBB4 /* CopyFiles */,
			);
			buildRules = (
			);
			dependencies = (
			);
			name = NSDataOpt;
			productName = NSDataOpt;
			productReference = FBB0B94E15ED9C930050EBB4 /* NSDataOpt */;
			productType = "com.apple.product-type.tool";
		};
/* End PBXNativeTarget section */

/* Begin PBXProject section */
		FBB0B94515ED9C930050EBB4 /* Project object */ = {
			isa = PBXProject;
			attributes = {
				LastUpgradeCheck = 0440;
				ORGANIZATIONNAME = "Gong heng";
			};
			buildConfigurationList = FBB0B94815ED9C930050EBB4 /* Build configuration list for PBXProject "NSDataOpt" */;
			compatibilityVersion = "Xcode 3.2";
			developmentRegion = English;
			hasScannedForEncodings = 0;
			knownRegions = (
				en,
			);
			mainGroup = FBB0B94315ED9C930050EBB4;
			productRefGroup = FBB0B94F15ED9C930050EBB4 /* Products */;
			projectDirPath = "";
			projectRoot = "";
			targets = (
				FBB0B94D15ED9C930050EBB4 /* NSDataOpt */,
			);
		};
/* End PBXProject section */

/* Begin PBXSourcesBuildPhase section */
		FBB0B94A15ED9C930050EBB4 /* Sources */ = {
			isa = PBXSourcesBuildPhase;
			buildActionMask = 2147483647;
			files = (
				FBB0B95615ED9C930050EBB4 /* main.m in Sources */,
			);
			runOnlyForDeploymentPostprocessing = 0;
		};
/* End PBXSourcesBuildPhase section */

/* Begin XCBuildConfiguration section */
		FBB0B95B15ED9C930050EBB4 /* Debug */ = {
			isa = XCBuildConfiguration;
			buildSettings = {
				ALWAYS_SEARCH_USER_PATHS = NO;
				ARCHS = "$(ARCHS_STANDARD_64_BIT)";
				CLANG_CXX_LANGUAGE_STANDARD = "gnu++0x";
				CLANG_ENABLE_OBJC_ARC = YES;
				CLANG_WARN__DUPLICATE_METHOD_MATCH = YES;
				COPY_PHASE_STRIP = NO;
				GCC_C_LANGUAGE_STANDARD = gnu99;
				GCC_DYNAMIC_NO_PIC = NO;
				GCC_ENABLE_OBJC_EXCEPTIONS = YES;
				GCC_OPTIMIZATION_LEVEL = 0;
				GCC_PREPROCESSOR_DEFINITIONS = (
					"DEBUG=1",
					"$(inherited)",
				);
				GCC_SYMBOLS_PRIVATE_EXTERN = NO;
				GCC_WARN_64_TO_32_BIT_CONVERSION = YES;
				GCC_WARN_ABOUT_RETURN_TYPE = YES;
				GCC_WARN_UNINITIALIZED_AUTOS = YES;
				GCC_WARN_UNUSED_VARIABLE = YES;
				MACOSX_DEPLOYMENT_TARGET = 10.7;
				ONLY_ACTIVE_ARCH = YES;
				SDKROOT = macosx;
			};
			name = Debug;
		};
		FBB0B95C15ED9C930050EBB4 /* Release */ = {
			isa = XCBuildConfiguration;
			buildSettings = {
				ALWAYS_SEARCH_USER_PATHS = NO;
				ARCHS = "$(ARCHS_STANDARD_64_BIT)";
				CLANG_CXX_LANGUAGE_STANDARD = "gnu++0x";
				CLANG_ENABLE_OBJC_ARC = YES;
				CLANG_WARN__DUPLICATE_METHOD_MATCH = YES;
				COPY_PHASE_STRIP = YES;
				DEBUG_INFORMATION_FORMAT = "dwarf-with-dsym";
				GCC_C_LANGUAGE_STANDARD = gnu99;
				GCC_ENABLE_OBJC_EXCEPTIONS = YES;
				GCC_WARN_64_TO_32_BIT_CONVERSION = YES;
				GCC_WARN_ABOUT_RETURN_TYPE = YES;
				GCC_WARN_UNINITIALIZED_AUTOS = YES;
				GCC_WARN_UNUSED_VARIABLE = YES;
				MACOSX_DEPLOYMENT_TARGET = 10.7;
				SDKROOT = macosx;
			};
			name = Release;
		};
		FBB0B95E15ED9C930050EBB4 /* Debug */ = {
			isa = XCBuildConfiguration;
			buildSettings = {
				GCC_PRECOMPILE_PREFIX_HEADER = YES;
				GCC_PREFIX_HEADER = "NSDataOpt/NSDataOpt-Prefix.pch";
				PRODUCT_NAME = "$(TARGET_NAME)";
			};
			name = Debug;
		};
		FBB0B95F15ED9C930050EBB4 /* Release */ = {
			isa = XCBuildConfiguration;
			buildSettings = {
				GCC_PRECOMPILE_PREFIX_HEADER = YES;
				GCC_PREFIX_HEADER = "NSDataOpt/NSDataOpt-Prefix.pch";
				PRODUCT_NAME = "$(TARGET_NAME)";
			};
			name = Release;
		};
/* End XCBuildConfiguration section */

/* Begin XCConfigurationList section */
		FBB0B94815ED9C930050EBB4 /* Build configuration list for PBXProject "NSDataOpt" */ = {
			isa = XCConfigurationList;
			buildConfigurations = (
				FBB0B95B15ED9C930050EBB4 /* Debug */,
				FBB0B95C15ED9C930050EBB4 /* Release */,
			);
			defaultConfigurationIsVisible = 0;
			defaultConfigurationName = Release;
		};
		FBB0B95D15ED9C930050EBB4 /* Build configuration list for PBXNativeTarget "NSDataOpt" */ = {
			isa = XCConfigurationList;
			buildConfigurations = (
				FBB0B95E15ED9C930050EBB4 /* Debug */,
				FBB0B95F15ED9C930050EBB4 /* Release */,
			);
			defaultConfigurationIsVisible = 0;
		};
/* End XCConfigurationList section */
	};
	rootObject = FBB0B94515ED9C930050EBB4 /* Project object */;
}
