// !$*UTF8*$!
{
	archiveVersion = 1;
	classes = {
	};
	objectVersion = 46;
	objects = {

/* Begin PBXBuildFile section */
		FBA7BC9E15E5C618001F6C9C /* Foundation.framework in Frameworks */ = {isa = PBXBuildFile; fileRef = FBA7BC9D15E5C618001F6C9C /* Foundation.framework */; };
		FBA7BCA115E5C618001F6C9C /* main.m in Sources */ = {isa = PBXBuildFile; fileRef = FBA7BCA015E5C618001F6C9C /* main.m */; };
		FBA7BCA515E5C618001F6C9C /* setObjects.1 in CopyFiles */ = {isa = PBXBuildFile; fileRef = FBA7BCA415E5C618001F6C9C /* setObjects.1 */; };
/* End PBXBuildFile section */

/* Begin PBXCopyFilesBuildPhase section */
		FBA7BC9715E5C618001F6C9C /* CopyFiles */ = {
			isa = PBXCopyFilesBuildPhase;
			buildActionMask = 2147483647;
			dstPath = /usr/share/man/man1/;
			dstSubfolderSpec = 0;
			files = (
				FBA7BCA515E5C618001F6C9C /* setObjects.1 in CopyFiles */,
			);
			runOnlyForDeploymentPostprocessing = 1;
		};
/* End PBXCopyFilesBuildPhase section */

/* Begin PBXFileReference section */
		FBA7BC9915E5C618001F6C9C /* setObjects */ = {isa = PBXFileReference; explicitFileType = "compiled.mach-o.executable"; includeInIndex = 0; path = setObjects; sourceTree = BUILT_PRODUCTS_DIR; };
		FBA7BC9D15E5C618001F6C9C /* Foundation.framework */ = {isa = PBXFileReference; lastKnownFileType = wrapper.framework; name = Foundation.framework; path = System/Library/Frameworks/Foundation.framework; sourceTree = SDKROOT; };
		FBA7BCA015E5C618001F6C9C /* main.m */ = {isa = PBXFileReference; lastKnownFileType = sourcecode.c.objc; path = main.m; sourceTree = "<group>"; };
		FBA7BCA315E5C618001F6C9C /* setObjects-Prefix.pch */ = {isa = PBXFileReference; lastKnownFileType = sourcecode.c.h; path = "setObjects-Prefix.pch"; sourceTree = "<group>"; };
		FBA7BCA415E5C618001F6C9C /* setObjects.1 */ = {isa = PBXFileReference; lastKnownFileType = text.man; path = setObjects.1; sourceTree = "<group>"; };
/* End PBXFileReference section */

/* Begin PBXFrameworksBuildPhase section */
		FBA7BC9615E5C618001F6C9C /* Frameworks */ = {
			isa = PBXFrameworksBuildPhase;
			buildActionMask = 2147483647;
			files = (
				FBA7BC9E15E5C618001F6C9C /* Foundation.framework in Frameworks */,
			);
			runOnlyForDeploymentPostprocessing = 0;
		};
/* End PBXFrameworksBuildPhase section */

/* Begin PBXGroup section */
		FBA7BC8E15E5C618001F6C9C = {
			isa = PBXGroup;
			children = (
				FBA7BC9F15E5C618001F6C9C /* setObjects */,
				FBA7BC9C15E5C618001F6C9C /* Frameworks */,
				FBA7BC9A15E5C618001F6C9C /* Products */,
			);
			sourceTree = "<group>";
		};
		FBA7BC9A15E5C618001F6C9C /* Products */ = {
			isa = PBXGroup;
			children = (
				FBA7BC9915E5C618001F6C9C /* setObjects */,
			);
			name = Products;
			sourceTree = "<group>";
		};
		FBA7BC9C15E5C618001F6C9C /* Frameworks */ = {
			isa = PBXGroup;
			children = (
				FBA7BC9D15E5C618001F6C9C /* Foundation.framework */,
			);
			name = Frameworks;
			sourceTree = "<group>";
		};
		FBA7BC9F15E5C618001F6C9C /* setObjects */ = {
			isa = PBXGroup;
			children = (
				FBA7BCA015E5C618001F6C9C /* main.m */,
				FBA7BCA415E5C618001F6C9C /* setObjects.1 */,
				FBA7BCA215E5C618001F6C9C /* Supporting Files */,
			);
			path = setObjects;
			sourceTree = "<group>";
		};
		FBA7BCA215E5C618001F6C9C /* Supporting Files */ = {
			isa = PBXGroup;
			children = (
				FBA7BCA315E5C618001F6C9C /* setObjects-Prefix.pch */,
			);
			name = "Supporting Files";
			sourceTree = "<group>";
		};
/* End PBXGroup section */

/* Begin PBXNativeTarget section */
		FBA7BC9815E5C618001F6C9C /* setObjects */ = {
			isa = PBXNativeTarget;
			buildConfigurationList = FBA7BCA815E5C618001F6C9C /* Build configuration list for PBXNativeTarget "setObjects" */;
			buildPhases = (
				FBA7BC9515E5C618001F6C9C /* Sources */,
				FBA7BC9615E5C618001F6C9C /* Frameworks */,
				FBA7BC9715E5C618001F6C9C /* CopyFiles */,
			);
			buildRules = (
			);
			dependencies = (
			);
			name = setObjects;
			productName = setObjects;
			productReference = FBA7BC9915E5C618001F6C9C /* setObjects */;
			productType = "com.apple.product-type.tool";
		};
/* End PBXNativeTarget section */

/* Begin PBXProject section */
		FBA7BC9015E5C618001F6C9C /* Project object */ = {
			isa = PBXProject;
			attributes = {
				LastUpgradeCheck = 0430;
			};
			buildConfigurationList = FBA7BC9315E5C618001F6C9C /* Build configuration list for PBXProject "setObjects" */;
			compatibilityVersion = "Xcode 3.2";
			developmentRegion = English;
			hasScannedForEncodings = 0;
			knownRegions = (
				en,
			);
			mainGroup = FBA7BC8E15E5C618001F6C9C;
			productRefGroup = FBA7BC9A15E5C618001F6C9C /* Products */;
			projectDirPath = "";
			projectRoot = "";
			targets = (
				FBA7BC9815E5C618001F6C9C /* setObjects */,
			);
		};
/* End PBXProject section */

/* Begin PBXSourcesBuildPhase section */
		FBA7BC9515E5C618001F6C9C /* Sources */ = {
			isa = PBXSourcesBuildPhase;
			buildActionMask = 2147483647;
			files = (
				FBA7BCA115E5C618001F6C9C /* main.m in Sources */,
			);
			runOnlyForDeploymentPostprocessing = 0;
		};
/* End PBXSourcesBuildPhase section */

/* Begin XCBuildConfiguration section */
		FBA7BCA615E5C618001F6C9C /* Debug */ = {
			isa = XCBuildConfiguration;
			buildSettings = {
				ALWAYS_SEARCH_USER_PATHS = NO;
				ARCHS = "$(ARCHS_STANDARD_64_BIT)";
				CLANG_ENABLE_OBJC_ARC = YES;
				COPY_PHASE_STRIP = NO;
				GCC_C_LANGUAGE_STANDARD = gnu99;
				GCC_DYNAMIC_NO_PIC = NO;
				GCC_ENABLE_OBJC_EXCEPTIONS = YES;
				GCC_OPTIMIZATION_LEVEL = 0;
				GCC_PREPROCESSOR_DEFINITIONS = (
					"DEBUG=1",
					"$(inherited)",
				);
				GCC_SYMBOLS_PRIVATE_EXTERN = NO;
				GCC_VERSION = com.apple.compilers.llvm.clang.1_0;
				GCC_WARN_64_TO_32_BIT_CONVERSION = YES;
				GCC_WARN_ABOUT_RETURN_TYPE = YES;
				GCC_WARN_UNINITIALIZED_AUTOS = YES;
				GCC_WARN_UNUSED_VARIABLE = YES;
				MACOSX_DEPLOYMENT_TARGET = 10.7;
				ONLY_ACTIVE_ARCH = YES;
				SDKROOT = macosx;
			};
			name = Debug;
		};
		FBA7BCA715E5C618001F6C9C /* Release */ = {
			isa = XCBuildConfiguration;
			buildSettings = {
				ALWAYS_SEARCH_USER_PATHS = NO;
				ARCHS = "$(ARCHS_STANDARD_64_BIT)";
				CLANG_ENABLE_OBJC_ARC = YES;
				COPY_PHASE_STRIP = YES;
				DEBUG_INFORMATION_FORMAT = "dwarf-with-dsym";
				GCC_C_LANGUAGE_STANDARD = gnu99;
				GCC_ENABLE_OBJC_EXCEPTIONS = YES;
				GCC_VERSION = com.apple.compilers.llvm.clang.1_0;
				GCC_WARN_64_TO_32_BIT_CONVERSION = YES;
				GCC_WARN_ABOUT_RETURN_TYPE = YES;
				GCC_WARN_UNINITIALIZED_AUTOS = YES;
				GCC_WARN_UNUSED_VARIABLE = YES;
				MACOSX_DEPLOYMENT_TARGET = 10.7;
				SDKROOT = macosx;
			};
			name = Release;
		};
		FBA7BCA915E5C618001F6C9C /* Debug */ = {
			isa = XCBuildConfiguration;
			buildSettings = {
				GCC_PRECOMPILE_PREFIX_HEADER = YES;
				GCC_PREFIX_HEADER = "setObjects/setObjects-Prefix.pch";
				PRODUCT_NAME = "$(TARGET_NAME)";
			};
			name = Debug;
		};
		FBA7BCAA15E5C618001F6C9C /* Release */ = {
			isa = XCBuildConfiguration;
			buildSettings = {
				GCC_PRECOMPILE_PREFIX_HEADER = YES;
				GCC_PREFIX_HEADER = "setObjects/setObjects-Prefix.pch";
				PRODUCT_NAME = "$(TARGET_NAME)";
			};
			name = Release;
		};
/* End XCBuildConfiguration section */

/* Begin XCConfigurationList section */
		FBA7BC9315E5C618001F6C9C /* Build configuration list for PBXProject "setObjects" */ = {
			isa = XCConfigurationList;
			buildConfigurations = (
				FBA7BCA615E5C618001F6C9C /* Debug */,
				FBA7BCA715E5C618001F6C9C /* Release */,
			);
			defaultConfigurationIsVisible = 0;
			defaultConfigurationName = Release;
		};
		FBA7BCA815E5C618001F6C9C /* Build configuration list for PBXNativeTarget "setObjects" */ = {
			isa = XCConfigurationList;
			buildConfigurations = (
				FBA7BCA915E5C618001F6C9C /* Debug */,
				FBA7BCAA15E5C618001F6C9C /* Release */,
			);
			defaultConfigurationIsVisible = 0;
		};
/* End XCConfigurationList section */
	};
	rootObject = FBA7BC9015E5C618001F6C9C /* Project object */;
}
